{
  "name": "y",
  "version": "1.0.0",
  "lockfileVersion": 1,
  "requires": true,
  "dependencies": {
    "cyrillic-to-latin": {
      "version": "2.0.0",
      "resolved": "https://registry.npmjs.org/cyrillic-to-latin/-/cyrillic-to-latin-2.0.0.tgz",
      "integrity": "sha1-PNmc4eDI/so0oHYE9bBwKXPuXuk="
    }
  }
}
